
Microsoft Visual Studio Solution File, Format Version 12.00
# Visual Studio Version 17
VisualStudioVersion = 17.1.32228.430
MinimumVisualStudioVersion = 10.0.40219.1
Project("{FAE04EC0-301F-11D3-BF4B-00C04F79EFBC}") = "FlappyGame", "FlappyGame.csproj", "{7D25C1A9-CE9E-4714-B81F-97DAEB77DE1B}"
EndProject
Global
	GlobalSection(SolutionConfigurationPlatforms) = preSolution
		Debug|Any CPU = Debug|Any CPU
		Release|Any CPU = Release|Any CPU
	EndGlobalSection
	GlobalSection(ProjectConfigurationPlatforms) = postSolution
		{7D25C1A9-CE9E-4714-B81F-97DAEB77DE1B}.Debug|Any CPU.ActiveCfg = Debug|Any CPU
		{7D25C1A9-CE9E-4714-B81F-97DAEB77DE1B}.Debug|Any CPU.Build.0 = Debug|Any CPU
		{7D25C1A9-CE9E-4714-B81F-97DAEB77DE1B}.Release|Any CPU.ActiveCfg = Release|Any CPU
		{7D25C1A9-CE9E-4714-B81F-97DAEB77DE1B}.Release|Any CPU.Build.0 = Release|Any CPU
	EndGlobalSection
	GlobalSection(SolutionProperties) = preSolution
		HideSolutionNode = FALSE
	EndGlobalSection
	GlobalSection(ExtensibilityGlobals) = postSolution
		SolutionGuid = {CB779CEF-2706-4150-A1B9-29CDCC124146}
	EndGlobalSection
EndGlobal
